
Microsoft Visual Studio Solution File, Format Version 12.00
# Visual Studio Version 17
VisualStudioVersion = 17.7.34031.279
MinimumVisualStudioVersion = 10.0.40219.1
Project("{FAE04EC0-301F-11D3-BF4B-00C04F79EFBC}") = "SplitWordDocuments", "SplitWordDocuments\SplitWordDocuments.csproj", "{E859C9B5-66EF-4010-9909-D0183D23B14D}"
EndProject
Global
	GlobalSection(SolutionConfigurationPlatforms) = preSolution
		Debug|Any CPU = Debug|Any CPU
		Release|Any CPU = Release|Any CPU
	EndGlobalSection
	GlobalSection(ProjectConfigurationPlatforms) = postSolution
		{E859C9B5-66EF-4010-9909-D0183D23B14D}.Debug|Any CPU.ActiveCfg = Debug|Any CPU
		{E859C9B5-66EF-4010-9909-D0183D23B14D}.Debug|Any CPU.Build.0 = Debug|Any CPU
		{E859C9B5-66EF-4010-9909-D0183D23B14D}.Release|Any CPU.ActiveCfg = Release|Any CPU
		{E859C9B5-66EF-4010-9909-D0183D23B14D}.Release|Any CPU.Build.0 = Release|Any CPU
	EndGlobalSection
	GlobalSection(SolutionProperties) = preSolution
		HideSolutionNode = FALSE
	EndGlobalSection
	GlobalSection(ExtensibilityGlobals) = postSolution
		SolutionGuid = {43C19809-D3F7-470C-A13B-73E6FC91E9CB}
	EndGlobalSection
EndGlobal
